
Microsoft Visual Studio Solution File, Format Version 12.00
# Visual Studio 15
VisualStudioVersion = 15.0.27130.2027
MinimumVisualStudioVersion = 10.0.40219.1
Project("{FAE04EC0-301F-11D3-BF4B-00C04F79EFBC}") = "Hashtable", "Hashtable\Hashtable.csproj", "{5D600AB8-074A-4321-AFBC-E8E7A75086DA}"
EndProject
Global
	GlobalSection(SolutionConfigurationPlatforms) = preSolution
		Debug|Any CPU = Debug|Any CPU
		Release|Any CPU = Release|Any CPU
	EndGlobalSection
	GlobalSection(ProjectConfigurationPlatforms) = postSolution
		{5D600AB8-074A-4321-AFBC-E8E7A75086DA}.Debug|Any CPU.ActiveCfg = Debug|Any CPU
		{5D600AB8-074A-4321-AFBC-E8E7A75086DA}.Debug|Any CPU.Build.0 = Debug|Any CPU
		{5D600AB8-074A-4321-AFBC-E8E7A75086DA}.Release|Any CPU.ActiveCfg = Release|Any CPU
		{5D600AB8-074A-4321-AFBC-E8E7A75086DA}.Release|Any CPU.Build.0 = Release|Any CPU
	EndGlobalSection
	GlobalSection(SolutionProperties) = preSolution
		HideSolutionNode = FALSE
	EndGlobalSection
	GlobalSection(ExtensibilityGlobals) = postSolution
		SolutionGuid = {25141F9A-9D3E-4FC6-B6C1-EEA96B2BBE3A}
	EndGlobalSection
EndGlobal
